
Microsoft Visual Studio Solution File, Format Version 12.00
# Visual Studio Version 16
VisualStudioVersion = 16.0.32126.315
MinimumVisualStudioVersion = 10.0.40219.1
Project("{9A19103F-16F7-4668-BE54-9A1E7A4F7556}") = "azurefn", "azurefn\azurefn.csproj", "{A9FFDC06-CAD7-4B3D-B942-09BAF7A4E346}"
EndProject
Project("{FAE04EC0-301F-11D3-BF4B-00C04F79EFBC}") = "azurefn1", "azurefn1\azurefn1.csproj", "{15C6DBE4-D416-4B64-B601-F9CFEDE5F7E8}"
EndProject
Global
	GlobalSection(SolutionConfigurationPlatforms) = preSolution
		Debug|Any CPU = Debug|Any CPU
		Release|Any CPU = Release|Any CPU
	EndGlobalSection
	GlobalSection(ProjectConfigurationPlatforms) = postSolution
		{A9FFDC06-CAD7-4B3D-B942-09BAF7A4E346}.Debug|Any CPU.ActiveCfg = Debug|Any CPU
		{A9FFDC06-CAD7-4B3D-B942-09BAF7A4E346}.Debug|Any CPU.Build.0 = Debug|Any CPU
		{A9FFDC06-CAD7-4B3D-B942-09BAF7A4E346}.Release|Any CPU.ActiveCfg = Release|Any CPU
		{A9FFDC06-CAD7-4B3D-B942-09BAF7A4E346}.Release|Any CPU.Build.0 = Release|Any CPU
		{15C6DBE4-D416-4B64-B601-F9CFEDE5F7E8}.Debug|Any CPU.ActiveCfg = Debug|Any CPU
		{15C6DBE4-D416-4B64-B601-F9CFEDE5F7E8}.Debug|Any CPU.Build.0 = Debug|Any CPU
		{15C6DBE4-D416-4B64-B601-F9CFEDE5F7E8}.Release|Any CPU.ActiveCfg = Release|Any CPU
		{15C6DBE4-D416-4B64-B601-F9CFEDE5F7E8}.Release|Any CPU.Build.0 = Release|Any CPU
	EndGlobalSection
	GlobalSection(SolutionProperties) = preSolution
		HideSolutionNode = FALSE
	EndGlobalSection
	GlobalSection(ExtensibilityGlobals) = postSolution
		SolutionGuid = {E9DE435C-85BA-41F0-A0E9-095A037F4E50}
	EndGlobalSection
EndGlobal
